{
  "name": "papa-node-hello-000",
  "version": "1.0.0",
  "description": "Simple Node.js app running inside Docker",
  "main": "index.js",
  "scripts": {
    "start": "node index.js"
  },
  "keywords": [
    "node",
    "docker",
    "express",
    "sample"
  ],
  "author": "Suhrud",
  "license": "ISC"
}
